
Microsoft Visual Studio Solution File, Format Version 12.00
# Visual Studio 15
VisualStudioVersion = 15.0.26124.0
MinimumVisualStudioVersion = 15.0.26124.0
Project("{2150E333-8FDC-42A3-9474-1A3956D46DE8}") = "src", "src", "{1EDFC861-73E2-42C3-A07C-A84D23C00D45}"
EndProject
Project("{FAE04EC0-301F-11D3-BF4B-00C04F79EFBC}") = "GradeBook", "src\GradeBook\GradeBook.csproj", "{CD5C0C55-3DAB-49F0-997F-EEAAC5FF817B}"
EndProject
Project("{2150E333-8FDC-42A3-9474-1A3956D46DE8}") = "test", "test", "{EF837686-2E36-48B7-86F2-C465B8429813}"
EndProject
Project("{FAE04EC0-301F-11D3-BF4B-00C04F79EFBC}") = "GradeBook.Tests", "test\GradeBook.Tests\GradeBook.Tests.csproj", "{D110F58E-BE77-45A8-9C50-4691A8A36068}"
EndProject
Global
	GlobalSection(SolutionConfigurationPlatforms) = preSolution
		Debug|Any CPU = Debug|Any CPU
		Debug|x64 = Debug|x64
		Debug|x86 = Debug|x86
		Release|Any CPU = Release|Any CPU
		Release|x64 = Release|x64
		Release|x86 = Release|x86
	EndGlobalSection
	GlobalSection(SolutionProperties) = preSolution
		HideSolutionNode = FALSE
	EndGlobalSection
	GlobalSection(ProjectConfigurationPlatforms) = postSolution
		{CD5C0C55-3DAB-49F0-997F-EEAAC5FF817B}.Debug|Any CPU.ActiveCfg = Debug|Any CPU
		{CD5C0C55-3DAB-49F0-997F-EEAAC5FF817B}.Debug|Any CPU.Build.0 = Debug|Any CPU
		{CD5C0C55-3DAB-49F0-997F-EEAAC5FF817B}.Debug|x64.ActiveCfg = Debug|Any CPU
		{CD5C0C55-3DAB-49F0-997F-EEAAC5FF817B}.Debug|x64.Build.0 = Debug|Any CPU
		{CD5C0C55-3DAB-49F0-997F-EEAAC5FF817B}.Debug|x86.ActiveCfg = Debug|Any CPU
		{CD5C0C55-3DAB-49F0-997F-EEAAC5FF817B}.Debug|x86.Build.0 = Debug|Any CPU
		{CD5C0C55-3DAB-49F0-997F-EEAAC5FF817B}.Release|Any CPU.ActiveCfg = Release|Any CPU
		{CD5C0C55-3DAB-49F0-997F-EEAAC5FF817B}.Release|Any CPU.Build.0 = Release|Any CPU
		{CD5C0C55-3DAB-49F0-997F-EEAAC5FF817B}.Release|x64.ActiveCfg = Release|Any CPU
		{CD5C0C55-3DAB-49F0-997F-EEAAC5FF817B}.Release|x64.Build.0 = Release|Any CPU
		{CD5C0C55-3DAB-49F0-997F-EEAAC5FF817B}.Release|x86.ActiveCfg = Release|Any CPU
		{CD5C0C55-3DAB-49F0-997F-EEAAC5FF817B}.Release|x86.Build.0 = Release|Any CPU
		{D110F58E-BE77-45A8-9C50-4691A8A36068}.Debug|Any CPU.ActiveCfg = Debug|Any CPU
		{D110F58E-BE77-45A8-9C50-4691A8A36068}.Debug|Any CPU.Build.0 = Debug|Any CPU
		{D110F58E-BE77-45A8-9C50-4691A8A36068}.Debug|x64.ActiveCfg = Debug|Any CPU
		{D110F58E-BE77-45A8-9C50-4691A8A36068}.Debug|x64.Build.0 = Debug|Any CPU
		{D110F58E-BE77-45A8-9C50-4691A8A36068}.Debug|x86.ActiveCfg = Debug|Any CPU
		{D110F58E-BE77-45A8-9C50-4691A8A36068}.Debug|x86.Build.0 = Debug|Any CPU
		{D110F58E-BE77-45A8-9C50-4691A8A36068}.Release|Any CPU.ActiveCfg = Release|Any CPU
		{D110F58E-BE77-45A8-9C50-4691A8A36068}.Release|Any CPU.Build.0 = Release|Any CPU
		{D110F58E-BE77-45A8-9C50-4691A8A36068}.Release|x64.ActiveCfg = Release|Any CPU
		{D110F58E-BE77-45A8-9C50-4691A8A36068}.Release|x64.Build.0 = Release|Any CPU
		{D110F58E-BE77-45A8-9C50-4691A8A36068}.Release|x86.ActiveCfg = Release|Any CPU
		{D110F58E-BE77-45A8-9C50-4691A8A36068}.Release|x86.Build.0 = Release|Any CPU
	EndGlobalSection
	GlobalSection(NestedProjects) = preSolution
		{CD5C0C55-3DAB-49F0-997F-EEAAC5FF817B} = {1EDFC861-73E2-42C3-A07C-A84D23C00D45}
		{D110F58E-BE77-45A8-9C50-4691A8A36068} = {EF837686-2E36-48B7-86F2-C465B8429813}
	EndGlobalSection
EndGlobal
